# This file is automatically @generated by Poetry 1.5.4 and should not be changed by hand.

[[package]]
name = "curses-ui"
version = "0.0.2"
description = "Curses UI with native window management and keyboard support"
optional = false
python-versions = "*"
files = [
    {file = "curses_ui-0.0.2.tar.gz", hash = "sha256:42d8c2474f2ba48e08b432a58b247e18c796e69ac2ca7b0454182a2e8a261ea2"},
]

[[package]]
name = "curses-utils"
version = "0.0.13"
description = "Simple curses utilities"
optional = false
python-versions = ">=3.7"
files = [
    {file = "curses_utils-0.0.13-py3-none-any.whl", hash = "sha256:0aec9e059c42c1d12ce140c43198903e7b13cd2768e220be90087d0bdf5a13e0"},
    {file = "curses_utils-0.0.13.tar.gz", hash = "sha256:d4a361b8df72dfca304502d5a63235e9b6943f6e188ea0eded35b0c6f20623cd"},
]

[metadata]
lock-version = "2.0"
python-versions = ">=3.10.0,<3.12"
content-hash = "b7ece2fb7a3057aa1c1643e7fbb4aaa99a53b727b6fba1fbddbf68944e34c8dd"
